
Microsoft Visual Studio Solution File, Format Version 12.00
# Visual Studio 15
VisualStudioVersion = 15.0.28307.645
MinimumVisualStudioVersion = 10.0.40219.1
Project("{FAE04EC0-301F-11D3-BF4B-00C04F79EFBC}") = "NugEx.TestPackage", "NugEx.TestPackage\NugEx.TestPackage.csproj", "{F25318F4-0377-40A1-AD4C-A8366FBA8E66}"
EndProject
Project("{FAE04EC0-301F-11D3-BF4B-00C04F79EFBC}") = "NugEx.Tests.A", "NugEx.Tests.A\NugEx.Tests.A.csproj", "{E738D882-096C-4322-8DDA-897021FE9BB9}"
EndProject
Project("{FAE04EC0-301F-11D3-BF4B-00C04F79EFBC}") = "NugEx.Tests.B", "NugEx.Tests.B\NugEx.Tests.B.csproj", "{D1F0233B-2941-4B95-818B-CAF4F726DEE2}"
EndProject
Global
	GlobalSection(SolutionConfigurationPlatforms) = preSolution
		Debug|Any CPU = Debug|Any CPU
		Release|Any CPU = Release|Any CPU
	EndGlobalSection
	GlobalSection(ProjectConfigurationPlatforms) = postSolution
		{F25318F4-0377-40A1-AD4C-A8366FBA8E66}.Debug|Any CPU.ActiveCfg = Debug|Any CPU
		{F25318F4-0377-40A1-AD4C-A8366FBA8E66}.Debug|Any CPU.Build.0 = Debug|Any CPU
		{F25318F4-0377-40A1-AD4C-A8366FBA8E66}.Release|Any CPU.ActiveCfg = Release|Any CPU
		{F25318F4-0377-40A1-AD4C-A8366FBA8E66}.Release|Any CPU.Build.0 = Release|Any CPU
		{E738D882-096C-4322-8DDA-897021FE9BB9}.Debug|Any CPU.ActiveCfg = Debug|Any CPU
		{E738D882-096C-4322-8DDA-897021FE9BB9}.Debug|Any CPU.Build.0 = Debug|Any CPU
		{E738D882-096C-4322-8DDA-897021FE9BB9}.Release|Any CPU.ActiveCfg = Release|Any CPU
		{E738D882-096C-4322-8DDA-897021FE9BB9}.Release|Any CPU.Build.0 = Release|Any CPU
		{D1F0233B-2941-4B95-818B-CAF4F726DEE2}.Debug|Any CPU.ActiveCfg = Debug|Any CPU
		{D1F0233B-2941-4B95-818B-CAF4F726DEE2}.Debug|Any CPU.Build.0 = Debug|Any CPU
		{D1F0233B-2941-4B95-818B-CAF4F726DEE2}.Release|Any CPU.ActiveCfg = Release|Any CPU
		{D1F0233B-2941-4B95-818B-CAF4F726DEE2}.Release|Any CPU.Build.0 = Release|Any CPU
	EndGlobalSection
	GlobalSection(SolutionProperties) = preSolution
		HideSolutionNode = FALSE
	EndGlobalSection
	GlobalSection(ExtensibilityGlobals) = postSolution
		SolutionGuid = {61173038-48FD-4D42-99E8-B8D601FF529A}
	EndGlobalSection
EndGlobal
