# THIS IS AN AUTOGENERATED FILE. DO NOT EDIT THIS FILE DIRECTLY.
# yarn lockfile v1


"@types/events@*":
  version "3.0.0"
  resolved "https://registry.yarnpkg.com/@types/events/-/events-3.0.0.tgz#2862f3f58a9a7f7c3e78d79f130dd4d71c25c2a7"
  integrity sha512-EaObqwIvayI5a8dCzhFrjKzVwKLxjoG9T6Ppd5CEo07LRKfQ8Yokw54r5+Wq7FaBQ+yXRvQAYPrHwya1/UFt9g==

"@types/glob@*":
  version "7.1.1"
  resolved "https://registry.yarnpkg.com/@types/glob/-/glob-7.1.1.tgz#aa59a1c6e3fbc421e07ccd31a944c30eba521575"
  integrity sha512-1Bh06cbWJUHMC97acuD6UMG29nMt0Aqz1vF3guLfG+kHHJhy3AyohZFFxYk2f7Q1SQIrNwvncxAE0N/9s70F2w==
  dependencies:
    "@types/events" "*"
    "@types/minimatch" "*"
    "@types/node" "*"

"@types/lodash.debounce@^4.0.5":
  version "4.0.5"
  resolved "https://registry.yarnpkg.com/@types/lodash.debounce/-/lodash.debounce-4.0.5.tgz#ded4e8c242c3c8f0851915b5e355db278bea472a"
  integrity sha512-f7x1/7U8xNDCYgO0UEB9bRkYDxmOl3OAFZS5l4PvTa6gtURzy1Mxv2f7f1+WBSGgOGhl5jia+Hw027H1f+S90Q==
  dependencies:
    "@types/lodash" "*"

"@types/lodash@*":
  version "4.14.121"
  resolved "https://registry.yarnpkg.com/@types/lodash/-/lodash-4.14.121.tgz#9327e20d49b95fc2bf983fc2f045b2c6effc80b9"
  integrity sha512-ORj7IBWj13iYufXt/VXrCNMbUuCTJfhzme5kx9U/UtcIPdJYuvPDUAlHlbNhz/8lKCLy9XGIZnGrqXOtQbPGoQ==

"@types/minimatch@*":
  version "3.0.3"
  resolved "https://registry.yarnpkg.com/@types/minimatch/-/minimatch-3.0.3.tgz#3dca0e3f33b200fc7d1139c0cd96c1268cadfd9d"
  integrity sha512-tHq6qdbT9U1IRSGf14CL0pUlULksvY9OZ+5eEgl1N7t+OA3tGvNpxJCzuKQlsNgCVwbAs670L1vcVQi8j9HjnA==

"@types/node@*":
  version "11.10.4"
  resolved "https://registry.yarnpkg.com/@types/node/-/node-11.10.4.tgz#3f5fc4f0f322805f009e00ab35a2ff3d6b778e42"
  integrity sha512-wa09itaLE8L705aXd8F80jnFpxz3Y1/KRHfKsYL2bPc0XF+wEWu8sR9n5bmeu8Ba1N9z2GRNzm/YdHcghLkLKg==

"@types/rimraf@^2.0.2":
  version "2.0.2"
  resolved "https://registry.yarnpkg.com/@types/rimraf/-/rimraf-2.0.2.tgz#7f0fc3cf0ff0ad2a99bb723ae1764f30acaf8b6e"
  integrity sha512-Hm/bnWq0TCy7jmjeN5bKYij9vw5GrDFWME4IuxV08278NtU/VdGbzsBohcCUJ7+QMqmUq5hpRKB39HeQWJjztQ==
  dependencies:
    "@types/glob" "*"
    "@types/node" "*"

"@types/user-home@^2.0.0":
  version "2.0.0"
  resolved "https://registry.yarnpkg.com/@types/user-home/-/user-home-2.0.0.tgz#17d49bd734f5826c6f7f06ac4b2ef59162fe6583"
  integrity sha1-F9Sb1zT1gmxvfwasSy71kWL+ZYM=
